// !$*UTF8*$!
{
	archiveVersion = 1;
	classes = {
	};
	objectVersion = 46;
	objects = {

/* Begin PBXBuildFile section */
		9C2DAB791CD848C20066C9C1 /* AppDelegate.swift in Sources */ = {isa = PBXBuildFile; fileRef = 9C2DAB781CD848C20066C9C1 /* AppDelegate.swift */; };
		9C2DAB7B1CD848C20066C9C1 /* ViewController.swift in Sources */ = {isa = PBXBuildFile; fileRef = 9C2DAB7A1CD848C20066C9C1 /* ViewController.swift */; };
		9C2DAB7E1CD848C20066C9C1 /* Main.storyboard in Resources */ = {isa = PBXBuildFile; fileRef = 9C2DAB7C1CD848C20066C9C1 /* Main.storyboard */; };
		9C2DAB801CD848C20066C9C1 /* Assets.xcassets in Resources */ = {isa = PBXBuildFile; fileRef = 9C2DAB7F1CD848C20066C9C1 /* Assets.xcassets */; };
		9C2DAB831CD848C20066C9C1 /* LaunchScreen.storyboard in Resources */ = {isa = PBXBuildFile; fileRef = 9C2DAB811CD848C20066C9C1 /* LaunchScreen.storyboard */; };
		9C2DAB8E1CD848C20066C9C1 /* tipsTests.swift in Sources */ = {isa = PBXBuildFile; fileRef = 9C2DAB8D1CD848C20066C9C1 /* tipsTests.swift */; };
		9C2DAB991CD848C20066C9C1 /* tipsUITests.swift in Sources */ = {isa = PBXBuildFile; fileRef = 9C2DAB981CD848C20066C9C1 /* tipsUITests.swift */; };
/* End PBXBuildFile section */

/* Begin PBXContainerItemProxy section */
		9C2DAB8A1CD848C20066C9C1 /* PBXContainerItemProxy */ = {
			isa = PBXContainerItemProxy;
			containerPortal = 9C2DAB6D1CD848C20066C9C1 /* Project object */;
			proxyType = 1;
			remoteGlobalIDString = 9C2DAB741CD848C20066C9C1;
			remoteInfo = tips;
		};
		9C2DAB951CD848C20066C9C1 /* PBXContainerItemProxy */ = {
			isa = PBXContainerItemProxy;
			containerPortal = 9C2DAB6D1CD848C20066C9C1 /* Project object */;
			proxyType = 1;
			remoteGlobalIDString = 9C2DAB741CD848C20066C9C1;
			remoteInfo = tips;
		};
/* End PBXContainerItemProxy section */

/* Begin PBXFileReference section */
		9C2DAB751CD848C20066C9C1 /* tips.app */ = {isa = PBXFileReference; explicitFileType = wrapper.application; includeInIndex = 0; path = tips.app; sourceTree = BUILT_PRODUCTS_DIR; };
		9C2DAB781CD848C20066C9C1 /* AppDelegate.swift */ = {isa = PBXFileReference; lastKnownFileType = sourcecode.swift; path = AppDelegate.swift; sourceTree = "<group>"; };
		9C2DAB7A1CD848C20066C9C1 /* ViewController.swift */ = {isa = PBXFileReference; lastKnownFileType = sourcecode.swift; path = ViewController.swift; sourceTree = "<group>"; };
		9C2DAB7D1CD848C20066C9C1 /* Base */ = {isa = PBXFileReference; lastKnownFileType = file.storyboard; name = Base; path = Base.lproj/Main.storyboard; sourceTree = "<group>"; };
		9C2DAB7F1CD848C20066C9C1 /* Assets.xcassets */ = {isa = PBXFileReference; lastKnownFileType = folder.assetcatalog; path = Assets.xcassets; sourceTree = "<group>"; };
		9C2DAB821CD848C20066C9C1 /* Base */ = {isa = PBXFileReference; lastKnownFileType = file.storyboard; name = Base; path = Base.lproj/LaunchScreen.storyboard; sourceTree = "<group>"; };
		9C2DAB841CD848C20066C9C1 /* Info.plist */ = {isa = PBXFileReference; lastKnownFileType = text.plist.xml; path = Info.plist; sourceTree = "<group>"; };
		9C2DAB891CD848C20066C9C1 /* tipsTests.xctest */ = {isa = PBXFileReference; explicitFileType = wrapper.cfbundle; includeInIndex = 0; path = tipsTests.xctest; sourceTree = BUILT_PRODUCTS_DIR; };
		9C2DAB8D1CD848C20066C9C1 /* tipsTests.swift */ = {isa = PBXFileReference; lastKnownFileType = sourcecode.swift; path = tipsTests.swift; sourceTree = "<group>"; };
		9C2DAB8F1CD848C20066C9C1 /* Info.plist */ = {isa = PBXFileReference; lastKnownFileType = text.plist.xml; path = Info.plist; sourceTree = "<group>"; };
		9C2DAB941CD848C20066C9C1 /* tipsUITests.xctest */ = {isa = PBXFileReference; explicitFileType = wrapper.cfbundle; includeInIndex = 0; path = tipsUITests.xctest; sourceTree = BUILT_PRODUCTS_DIR; };
		9C2DAB981CD848C20066C9C1 /* tipsUITests.swift */ = {isa = PBXFileReference; lastKnownFileType = sourcecode.swift; path = tipsUITests.swift; sourceTree = "<group>"; };
		9C2DAB9A1CD848C20066C9C1 /* Info.plist */ = {isa = PBXFileReference; lastKnownFileType = text.plist.xml; path = Info.plist; sourceTree = "<group>"; };
/* End PBXFileReference section */

/* Begin PBXFrameworksBuildPhase section */
		9C2DAB721CD848C20066C9C1 /* Frameworks */ = {
			isa = PBXFrameworksBuildPhase;
			buildActionMask = 2147483647;
			files = (
			);
			runOnlyForDeploymentPostprocessing = 0;
		};
		9C2DAB861CD848C20066C9C1 /* Frameworks */ = {
			isa = PBXFrameworksBuildPhase;
			buildActionMask = 2147483647;
			files = (
			);
			runOnlyForDeploymentPostprocessing = 0;
		};
		9C2DAB911CD848C20066C9C1 /* Frameworks */ = {
			isa = PBXFrameworksBuildPhase;
			buildActionMask = 2147483647;
			files = (
			);
			runOnlyForDeploymentPostprocessing = 0;
		};
/* End PBXFrameworksBuildPhase section */

/* Begin PBXGroup section */
		9C2DAB6C1CD848C20066C9C1 = {
			isa = PBXGroup;
			children = (
				9C2DAB771CD848C20066C9C1 /* tips */,
				9C2DAB8C1CD848C20066C9C1 /* tipsTests */,
				9C2DAB971CD848C20066C9C1 /* tipsUITests */,
				9C2DAB761CD848C20066C9C1 /* Products */,
			);
			sourceTree = "<group>";
		};
		9C2DAB761CD848C20066C9C1 /* Products */ = {
			isa = PBXGroup;
			children = (
				9C2DAB751CD848C20066C9C1 /* tips.app */,
				9C2DAB891CD848C20066C9C1 /* tipsTests.xctest */,
				9C2DAB941CD848C20066C9C1 /* tipsUITests.xctest */,
			);
			name = Products;
			sourceTree = "<group>";
		};
		9C2DAB771CD848C20066C9C1 /* tips */ = {
			isa = PBXGroup;
			children = (
				9C2DAB781CD848C20066C9C1 /* AppDelegate.swift */,
				9C2DAB7A1CD848C20066C9C1 /* ViewController.swift */,
				9C2DAB7C1CD848C20066C9C1 /* Main.storyboard */,
				9C2DAB7F1CD848C20066C9C1 /* Assets.xcassets */,
				9C2DAB811CD848C20066C9C1 /* LaunchScreen.storyboard */,
				9C2DAB841CD848C20066C9C1 /* Info.plist */,
			);
			path = tips;
			sourceTree = "<group>";
		};
		9C2DAB8C1CD848C20066C9C1 /* tipsTests */ = {
			isa = PBXGroup;
			children = (
				9C2DAB8D1CD848C20066C9C1 /* tipsTests.swift */,
				9C2DAB8F1CD848C20066C9C1 /* Info.plist */,
			);
			path = tipsTests;
			sourceTree = "<group>";
		};
		9C2DAB971CD848C20066C9C1 /* tipsUITests */ = {
			isa = PBXGroup;
			children = (
				9C2DAB981CD848C20066C9C1 /* tipsUITests.swift */,
				9C2DAB9A1CD848C20066C9C1 /* Info.plist */,
			);
			path = tipsUITests;
			sourceTree = "<group>";
		};
/* End PBXGroup section */

/* Begin PBXNativeTarget section */
		9C2DAB741CD848C20066C9C1 /* tips */ = {
			isa = PBXNativeTarget;
			buildConfigurationList = 9C2DAB9D1CD848C20066C9C1 /* Build configuration list for PBXNativeTarget "tips" */;
			buildPhases = (
				9C2DAB711CD848C20066C9C1 /* Sources */,
				9C2DAB721CD848C20066C9C1 /* Frameworks */,
				9C2DAB731CD848C20066C9C1 /* Resources */,
			);
			buildRules = (
			);
			dependencies = (
			);
			name = tips;
			productName = tips;
			productReference = 9C2DAB751CD848C20066C9C1 /* tips.app */;
			productType = "com.apple.product-type.application";
		};
		9C2DAB881CD848C20066C9C1 /* tipsTests */ = {
			isa = PBXNativeTarget;
			buildConfigurationList = 9C2DABA01CD848C20066C9C1 /* Build configuration list for PBXNativeTarget "tipsTests" */;
			buildPhases = (
				9C2DAB851CD848C20066C9C1 /* Sources */,
				9C2DAB861CD848C20066C9C1 /* Frameworks */,
				9C2DAB871CD848C20066C9C1 /* Resources */,
			);
			buildRules = (
			);
			dependencies = (
				9C2DAB8B1CD848C20066C9C1 /* PBXTargetDependency */,
			);
			name = tipsTests;
			productName = tipsTests;
			productReference = 9C2DAB891CD848C20066C9C1 /* tipsTests.xctest */;
			productType = "com.apple.product-type.bundle.unit-test";
		};
		9C2DAB931CD848C20066C9C1 /* tipsUITests */ = {
			isa = PBXNativeTarget;
			buildConfigurationList = 9C2DABA31CD848C20066C9C1 /* Build configuration list for PBXNativeTarget "tipsUITests" */;
			buildPhases = (
				9C2DAB901CD848C20066C9C1 /* Sources */,
				9C2DAB911CD848C20066C9C1 /* Frameworks */,
				9C2DAB921CD848C20066C9C1 /* Resources */,
			);
			buildRules = (
			);
			dependencies = (
				9C2DAB961CD848C20066C9C1 /* PBXTargetDependency */,
			);
			name = tipsUITests;
			productName = tipsUITests;
			productReference = 9C2DAB941CD848C20066C9C1 /* tipsUITests.xctest */;
			productType = "com.apple.product-type.bundle.ui-testing";
		};
/* End PBXNativeTarget section */

/* Begin PBXProject section */
		9C2DAB6D1CD848C20066C9C1 /* Project object */ = {
			isa = PBXProject;
			attributes = {
				LastSwiftUpdateCheck = 0730;
				LastUpgradeCheck = 0730;
				ORGANIZATIONNAME = "Shahaf Abileah";
				TargetAttributes = {
					9C2DAB741CD848C20066C9C1 = {
						CreatedOnToolsVersion = 7.3;
					};
					9C2DAB881CD848C20066C9C1 = {
						CreatedOnToolsVersion = 7.3;
						TestTargetID = 9C2DAB741CD848C20066C9C1;
					};
					9C2DAB931CD848C20066C9C1 = {
						CreatedOnToolsVersion = 7.3;
						TestTargetID = 9C2DAB741CD848C20066C9C1;
					};
				};
			};
			buildConfigurationList = 9C2DAB701CD848C20066C9C1 /* Build configuration list for PBXProject "tips" */;
			compatibilityVersion = "Xcode 3.2";
			developmentRegion = English;
			hasScannedForEncodings = 0;
			knownRegions = (
				en,
				Base,
			);
			mainGroup = 9C2DAB6C1CD848C20066C9C1;
			productRefGroup = 9C2DAB761CD848C20066C9C1 /* Products */;
			projectDirPath = "";
			projectRoot = "";
			targets = (
				9C2DAB741CD848C20066C9C1 /* tips */,
				9C2DAB881CD848C20066C9C1 /* tipsTests */,
				9C2DAB931CD848C20066C9C1 /* tipsUITests */,
			);
		};
/* End PBXProject section */

/* Begin PBXResourcesBuildPhase section */
		9C2DAB731CD848C20066C9C1 /* Resources */ = {
			isa = PBXResourcesBuildPhase;
			buildActionMask = 2147483647;
			files = (
				9C2DAB831CD848C20066C9C1 /* LaunchScreen.storyboard in Resources */,
				9C2DAB801CD848C20066C9C1 /* Assets.xcassets in Resources */,
				9C2DAB7E1CD848C20066C9C1 /* Main.storyboard in Resources */,
			);
			runOnlyForDeploymentPostprocessing = 0;
		};
		9C2DAB871CD848C20066C9C1 /* Resources */ = {
			isa = PBXResourcesBuildPhase;
			buildActionMask = 2147483647;
			files = (
			);
			runOnlyForDeploymentPostprocessing = 0;
		};
		9C2DAB921CD848C20066C9C1 /* Resources */ = {
			isa = PBXResourcesBuildPhase;
			buildActionMask = 2147483647;
			files = (
			);
			runOnlyForDeploymentPostprocessing = 0;
		};
/* End PBXResourcesBuildPhase section */

/* Begin PBXSourcesBuildPhase section */
		9C2DAB711CD848C20066C9C1 /* Sources */ = {
			isa = PBXSourcesBuildPhase;
			buildActionMask = 2147483647;
			files = (
				9C2DAB7B1CD848C20066C9C1 /* ViewController.swift in Sources */,
				9C2DAB791CD848C20066C9C1 /* AppDelegate.swift in Sources */,
			);
			runOnlyForDeploymentPostprocessing = 0;
		};
		9C2DAB851CD848C20066C9C1 /* Sources */ = {
			isa = PBXSourcesBuildPhase;
			buildActionMask = 2147483647;
			files = (
				9C2DAB8E1CD848C20066C9C1 /* tipsTests.swift in Sources */,
			);
			runOnlyForDeploymentPostprocessing = 0;
		};
		9C2DAB901CD848C20066C9C1 /* Sources */ = {
			isa = PBXSourcesBuildPhase;
			buildActionMask = 2147483647;
			files = (
				9C2DAB991CD848C20066C9C1 /* tipsUITests.swift in Sources */,
			);
			runOnlyForDeploymentPostprocessing = 0;
		};
/* End PBXSourcesBuildPhase section */

/* Begin PBXTargetDependency section */
		9C2DAB8B1CD848C20066C9C1 /* PBXTargetDependency */ = {
			isa = PBXTargetDependency;
			target = 9C2DAB741CD848C20066C9C1 /* tips */;
			targetProxy = 9C2DAB8A1CD848C20066C9C1 /* PBXContainerItemProxy */;
		};
		9C2DAB961CD848C20066C9C1 /* PBXTargetDependency */ = {
			isa = PBXTargetDependency;
			target = 9C2DAB741CD848C20066C9C1 /* tips */;
			targetProxy = 9C2DAB951CD848C20066C9C1 /* PBXContainerItemProxy */;
		};
/* End PBXTargetDependency section */

/* Begin PBXVariantGroup section */
		9C2DAB7C1CD848C20066C9C1 /* Main.storyboard */ = {
			isa = PBXVariantGroup;
			children = (
				9C2DAB7D1CD848C20066C9C1 /* Base */,
			);
			name = Main.storyboard;
			sourceTree = "<group>";
		};
		9C2DAB811CD848C20066C9C1 /* LaunchScreen.storyboard */ = {
			isa = PBXVariantGroup;
			children = (
				9C2DAB821CD848C20066C9C1 /* Base */,
			);
			name = LaunchScreen.storyboard;
			sourceTree = "<group>";
		};
/* End PBXVariantGroup section */

/* Begin XCBuildConfiguration section */
		9C2DAB9B1CD848C20066C9C1 /* Debug */ = {
			isa = XCBuildConfiguration;
			buildSettings = {
				ALWAYS_SEARCH_USER_PATHS = NO;
				CLANG_ANALYZER_NONNULL = YES;
				CLANG_CXX_LANGUAGE_STANDARD = "gnu++0x";
				CLANG_CXX_LIBRARY = "libc++";
				CLANG_ENABLE_MODULES = YES;
				CLANG_ENABLE_OBJC_ARC = YES;
				CLANG_WARN_BOOL_CONVERSION = YES;
				CLANG_WARN_CONSTANT_CONVERSION = YES;
				CLANG_WARN_DIRECT_OBJC_ISA_USAGE = YES_ERROR;
				CLANG_WARN_EMPTY_BODY = YES;
				CLANG_WARN_ENUM_CONVERSION = YES;
				CLANG_WARN_INT_CONVERSION = YES;
				CLANG_WARN_OBJC_ROOT_CLASS = YES_ERROR;
				CLANG_WARN_UNREACHABLE_CODE = YES;
				CLANG_WARN__DUPLICATE_METHOD_MATCH = YES;
				"CODE_SIGN_IDENTITY[sdk=iphoneos*]" = "iPhone Developer";
				COPY_PHASE_STRIP = NO;
				DEBUG_INFORMATION_FORMAT = dwarf;
				ENABLE_STRICT_OBJC_MSGSEND = YES;
				ENABLE_TESTABILITY = YES;
				GCC_C_LANGUAGE_STANDARD = gnu99;
				GCC_DYNAMIC_NO_PIC = NO;
				GCC_NO_COMMON_BLOCKS = YES;
				GCC_OPTIMIZATION_LEVEL = 0;
				GCC_PREPROCESSOR_DEFINITIONS = (
					"DEBUG=1",
					"$(inherited)",
				);
				GCC_WARN_64_TO_32_BIT_CONVERSION = YES;
				GCC_WARN_ABOUT_RETURN_TYPE = YES_ERROR;
				GCC_WARN_UNDECLARED_SELECTOR = YES;
				GCC_WARN_UNINITIALIZED_AUTOS = YES_AGGRESSIVE;
				GCC_WARN_UNUSED_FUNCTION = YES;
				GCC_WARN_UNUSED_VARIABLE = YES;
				IPHONEOS_DEPLOYMENT_TARGET = 9.3;
				MTL_ENABLE_DEBUG_INFO = YES;
				ONLY_ACTIVE_ARCH = YES;
				SDKROOT = iphoneos;
				SWIFT_OPTIMIZATION_LEVEL = "-Onone";
			};
			name = Debug;
		};
		9C2DAB9C1CD848C20066C9C1 /* Release */ = {
			isa = XCBuildConfiguration;
			buildSettings = {
				ALWAYS_SEARCH_USER_PATHS = NO;
				CLANG_ANALYZER_NONNULL = YES;
				CLANG_CXX_LANGUAGE_STANDARD = "gnu++0x";
				CLANG_CXX_LIBRARY = "libc++";
				CLANG_ENABLE_MODULES = YES;
				CLANG_ENABLE_OBJC_ARC = YES;
				CLANG_WARN_BOOL_CONVERSION = YES;
				CLANG_WARN_CONSTANT_CONVERSION = YES;
				CLANG_WARN_DIRECT_OBJC_ISA_USAGE = YES_ERROR;
				CLANG_WARN_EMPTY_BODY = YES;
				CLANG_WARN_ENUM_CONVERSION = YES;
				CLANG_WARN_INT_CONVERSION = YES;
				CLANG_WARN_OBJC_ROOT_CLASS = YES_ERROR;
				CLANG_WARN_UNREACHABLE_CODE = YES;
				CLANG_WARN__DUPLICATE_METHOD_MATCH = YES;
				"CODE_SIGN_IDENTITY[sdk=iphoneos*]" = "iPhone Developer";
				COPY_PHASE_STRIP = NO;
				DEBUG_INFORMATION_FORMAT = "dwarf-with-dsym";
				ENABLE_NS_ASSERTIONS = NO;
				ENABLE_STRICT_OBJC_MSGSEND = YES;
				GCC_C_LANGUAGE_STANDARD = gnu99;
				GCC_NO_COMMON_BLOCKS = YES;
				GCC_WARN_64_TO_32_BIT_CONVERSION = YES;
				GCC_WARN_ABOUT_RETURN_TYPE = YES_ERROR;
				GCC_WARN_UNDECLARED_SELECTOR = YES;
				GCC_WARN_UNINITIALIZED_AUTOS = YES_AGGRESSIVE;
				GCC_WARN_UNUSED_FUNCTION = YES;
				GCC_WARN_UNUSED_VARIABLE = YES;
				IPHONEOS_DEPLOYMENT_TARGET = 9.3;
				MTL_ENABLE_DEBUG_INFO = NO;
				SDKROOT = iphoneos;
				VALIDATE_PRODUCT = YES;
			};
			name = Release;
		};
		9C2DAB9E1CD848C20066C9C1 /* Debug */ = {
			isa = XCBuildConfiguration;
			buildSettings = {
				ASSETCATALOG_COMPILER_APPICON_NAME = AppIcon;
				INFOPLIST_FILE = tips/Info.plist;
				LD_RUNPATH_SEARCH_PATHS = "$(inherited) @executable_path/Frameworks";
				PRODUCT_BUNDLE_IDENTIFIER = shahaf.tips;
				PRODUCT_NAME = "$(TARGET_NAME)";
			};
			name = Debug;
		};
		9C2DAB9F1CD848C20066C9C1 /* Release */ = {
			isa = XCBuildConfiguration;
			buildSettings = {
				ASSETCATALOG_COMPILER_APPICON_NAME = AppIcon;
				INFOPLIST_FILE = tips/Info.plist;
				LD_RUNPATH_SEARCH_PATHS = "$(inherited) @executable_path/Frameworks";
				PRODUCT_BUNDLE_IDENTIFIER = shahaf.tips;
				PRODUCT_NAME = "$(TARGET_NAME)";
			};
			name = Release;
		};
		9C2DABA11CD848C20066C9C1 /* Debug */ = {
			isa = XCBuildConfiguration;
			buildSettings = {
				BUNDLE_LOADER = "$(TEST_HOST)";
				INFOPLIST_FILE = tipsTests/Info.plist;
				LD_RUNPATH_SEARCH_PATHS = "$(inherited) @executable_path/Frameworks @loader_path/Frameworks";
				PRODUCT_BUNDLE_IDENTIFIER = shahaf.tipsTests;
				PRODUCT_NAME = "$(TARGET_NAME)";
				TEST_HOST = "$(BUILT_PRODUCTS_DIR)/tips.app/tips";
			};
			name = Debug;
		};
		9C2DABA21CD848C20066C9C1 /* Release */ = {
			isa = XCBuildConfiguration;
			buildSettings = {
				BUNDLE_LOADER = "$(TEST_HOST)";
				INFOPLIST_FILE = tipsTests/Info.plist;
				LD_RUNPATH_SEARCH_PATHS = "$(inherited) @executable_path/Frameworks @loader_path/Frameworks";
				PRODUCT_BUNDLE_IDENTIFIER = shahaf.tipsTests;
				PRODUCT_NAME = "$(TARGET_NAME)";
				TEST_HOST = "$(BUILT_PRODUCTS_DIR)/tips.app/tips";
			};
			name = Release;
		};
		9C2DABA41CD848C20066C9C1 /* Debug */ = {
			isa = XCBuildConfiguration;
			buildSettings = {
				INFOPLIST_FILE = tipsUITests/Info.plist;
				LD_RUNPATH_SEARCH_PATHS = "$(inherited) @executable_path/Frameworks @loader_path/Frameworks";
				PRODUCT_BUNDLE_IDENTIFIER = shahaf.tipsUITests;
				PRODUCT_NAME = "$(TARGET_NAME)";
				TEST_TARGET_NAME = tips;
			};
			name = Debug;
		};
		9C2DABA51CD848C20066C9C1 /* Release */ = {
			isa = XCBuildConfiguration;
			buildSettings = {
				INFOPLIST_FILE = tipsUITests/Info.plist;
				LD_RUNPATH_SEARCH_PATHS = "$(inherited) @executable_path/Frameworks @loader_path/Frameworks";
				PRODUCT_BUNDLE_IDENTIFIER = shahaf.tipsUITests;
				PRODUCT_NAME = "$(TARGET_NAME)";
				TEST_TARGET_NAME = tips;
			};
			name = Release;
		};
/* End XCBuildConfiguration section */

/* Begin XCConfigurationList section */
		9C2DAB701CD848C20066C9C1 /* Build configuration list for PBXProject "tips" */ = {
			isa = XCConfigurationList;
			buildConfigurations = (
				9C2DAB9B1CD848C20066C9C1 /* Debug */,
				9C2DAB9C1CD848C20066C9C1 /* Release */,
			);
			defaultConfigurationIsVisible = 0;
			defaultConfigurationName = Release;
		};
		9C2DAB9D1CD848C20066C9C1 /* Build configuration list for PBXNativeTarget "tips" */ = {
			isa = XCConfigurationList;
			buildConfigurations = (
				9C2DAB9E1CD848C20066C9C1 /* Debug */,
				9C2DAB9F1CD848C20066C9C1 /* Release */,
			);
			defaultConfigurationIsVisible = 0;
		};
		9C2DABA01CD848C20066C9C1 /* Build configuration list for PBXNativeTarget "tipsTests" */ = {
			isa = XCConfigurationList;
			buildConfigurations = (
				9C2DABA11CD848C20066C9C1 /* Debug */,
				9C2DABA21CD848C20066C9C1 /* Release */,
			);
			defaultConfigurationIsVisible = 0;
		};
		9C2DABA31CD848C20066C9C1 /* Build configuration list for PBXNativeTarget "tipsUITests" */ = {
			isa = XCConfigurationList;
			buildConfigurations = (
				9C2DABA41CD848C20066C9C1 /* Debug */,
				9C2DABA51CD848C20066C9C1 /* Release */,
			);
			defaultConfigurationIsVisible = 0;
		};
/* End XCConfigurationList section */
	};
	rootObject = 9C2DAB6D1CD848C20066C9C1 /* Project object */;
}
